# THIS IS AN AUTOGENERATED FILE. DO NOT EDIT THIS FILE DIRECTLY.
# yarn lockfile v1


react-native-android-fragment@^1.1.0:
  version "1.1.0"
  resolved "https://registry.yarnpkg.com/react-native-android-fragment/-/react-native-android-fragment-1.1.0.tgz#a167bcbbe12c99d46f5e1cc6256d1e68f220e9c5"
  integrity sha512-sJTyjn/xDEWYJfH9KSfoVjb9EJBGt2rgjVubAYsPZEqkxGFYQ973cdkYm+oasDMJZpQ1jH61r3u8mvX832W/1g==
